// !$*UTF8*$!
{
	archiveVersion = 1;
	classes = {
	};
	objectVersion = 46;
	objects = {

/* Begin PBXFileReference section */
		6300FBD11B36BA2B0051F914 /* .DS_Store */ = {isa = PBXFileReference; lastKnownFileType = file; path = .DS_Store; sourceTree = "<group>"; };
		6300FBD21B36BA2B0051F914 /* .git */ = {isa = PBXFileReference; lastKnownFileType = folder; path = .git; sourceTree = "<group>"; };
		6300FBD31B36BA2B0051F914 /* cfg */ = {isa = PBXFileReference; lastKnownFileType = folder; path = cfg; sourceTree = "<group>"; };
		6300FBD41B36BA2B0051F914 /* Makefile */ = {isa = PBXFileReference; lastKnownFileType = sourcecode.make; path = Makefile; sourceTree = "<group>"; };
		6300FBD51B36BA2B0051F914 /* obj */ = {isa = PBXFileReference; lastKnownFileType = folder; path = obj; sourceTree = "<group>"; };
		6300FBD61B36BA2B0051F914 /* shoot.cdt */ = {isa = PBXFileReference; lastKnownFileType = file; path = shoot.cdt; sourceTree = "<group>"; };
		6300FBD71B36BA2B0051F914 /* shoot.dsk */ = {isa = PBXFileReference; lastKnownFileType = file; path = shoot.dsk; sourceTree = "<group>"; };
		6300FBD81B36BA2B0051F914 /* shoot.xcworkspace */ = {isa = PBXFileReference; lastKnownFileType = wrapper.workspace; path = shoot.xcworkspace; sourceTree = "<group>"; };
		6300FBD91B36BA2B0051F914 /* src */ = {isa = PBXFileReference; lastKnownFileType = folder; path = src; sourceTree = "<group>"; };
/* End PBXFileReference section */

/* Begin PBXGroup section */
		6300FBCB1B36BA2B0051F914 = {
			isa = PBXGroup;
			children = (
				6300FBD11B36BA2B0051F914 /* .DS_Store */,
				6300FBD21B36BA2B0051F914 /* .git */,
				6300FBD31B36BA2B0051F914 /* cfg */,
				6300FBD41B36BA2B0051F914 /* Makefile */,
				6300FBD51B36BA2B0051F914 /* obj */,
				6300FBD61B36BA2B0051F914 /* shoot.cdt */,
				6300FBD71B36BA2B0051F914 /* shoot.dsk */,
				6300FBD81B36BA2B0051F914 /* shoot.xcworkspace */,
				6300FBD91B36BA2B0051F914 /* src */,
			);
			sourceTree = "<group>";
		};
/* End PBXGroup section */

/* Begin PBXLegacyTarget section */
		6300FBD01B36BA2B0051F914 /* shoot */ = {
			isa = PBXLegacyTarget;
			buildArgumentsString = "$(ACTION)";
			buildConfigurationList = 6300FBDA1B36BA2B0051F914 /* Build configuration list for PBXLegacyTarget "shoot" */;
			buildPhases = (
			);
			buildToolPath = make;
			buildWorkingDirectory = /Users/david/Documents/retro/proyectos/shoot;
			dependencies = (
			);
			name = shoot;
			passBuildSettingsInEnvironment = 1;
			productName = shoot;
		};
/* End PBXLegacyTarget section */

/* Begin PBXProject section */
		6300FBCC1B36BA2B0051F914 /* Project object */ = {
			isa = PBXProject;
			attributes = {
				LastUpgradeCheck = 0630;
			};
			buildConfigurationList = 6300FBCF1B36BA2B0051F914 /* Build configuration list for PBXProject "shoot" */;
			compatibilityVersion = "Xcode 3.2";
			developmentRegion = English;
			hasScannedForEncodings = 0;
			knownRegions = (
				en,
			);
			mainGroup = 6300FBCB1B36BA2B0051F914;
			projectDirPath = "";
			projectRoot = "";
			targets = (
				6300FBD01B36BA2B0051F914 /* shoot */,
			);
		};
/* End PBXProject section */

/* Begin XCBuildConfiguration section */
		6300FBCD1B36BA2B0051F914 /* Debug */ = {
			isa = XCBuildConfiguration;
			buildSettings = {
				COPY_PHASE_STRIP = NO;
				GCC_WARN_ABOUT_RETURN_TYPE = YES;
				GCC_WARN_UNUSED_VARIABLE = YES;
				ONLY_ACTIVE_ARCH = YES;
				SDKROOT = macosx;
			};
			name = Debug;
		};
		6300FBCE1B36BA2B0051F914 /* Release */ = {
			isa = XCBuildConfiguration;
			buildSettings = {
				COPY_PHASE_STRIP = YES;
				GCC_WARN_ABOUT_RETURN_TYPE = YES;
				GCC_WARN_UNUSED_VARIABLE = YES;
				SDKROOT = macosx;
			};
			name = Release;
		};
		6300FBDB1B36BA2B0051F914 /* Debug */ = {
			isa = XCBuildConfiguration;
			buildSettings = {
				COPY_PHASE_STRIP = NO;
				DEBUGGING_SYMBOLS = YES;
				GCC_DYNAMIC_NO_PIC = NO;
				GCC_GENERATE_DEBUGGING_SYMBOLS = YES;
				GCC_OPTIMIZATION_LEVEL = 0;
				OTHER_CFLAGS = "";
				OTHER_LDFLAGS = "";
				PRODUCT_NAME = shoot;
			};
			name = Debug;
		};
		6300FBDC1B36BA2B0051F914 /* Release */ = {
			isa = XCBuildConfiguration;
			buildSettings = {
				COPY_PHASE_STRIP = YES;
				DEBUG_INFORMATION_FORMAT = "dwarf-with-dsym";
				OTHER_CFLAGS = "";
				OTHER_LDFLAGS = "";
				PRODUCT_NAME = shoot;
			};
			name = Release;
		};
/* End XCBuildConfiguration section */

/* Begin XCConfigurationList section */
		6300FBCF1B36BA2B0051F914 /* Build configuration list for PBXProject "shoot" */ = {
			isa = XCConfigurationList;
			buildConfigurations = (
				6300FBCD1B36BA2B0051F914 /* Debug */,
				6300FBCE1B36BA2B0051F914 /* Release */,
			);
			defaultConfigurationIsVisible = 0;
			defaultConfigurationName = Release;
		};
		6300FBDA1B36BA2B0051F914 /* Build configuration list for PBXLegacyTarget "shoot" */ = {
			isa = XCConfigurationList;
			buildConfigurations = (
				6300FBDB1B36BA2B0051F914 /* Debug */,
				6300FBDC1B36BA2B0051F914 /* Release */,
			);
			defaultConfigurationIsVisible = 0;
			defaultConfigurationName = Release;
		};
/* End XCConfigurationList section */
	};
	rootObject = 6300FBCC1B36BA2B0051F914 /* Project object */;
}
